<?xml version="1.0" encoding="utf-8"?>
<Project ToolsVersion="4.0" xmlns="http://schemas.microsoft.com/developer/msbuild/2003">
  <ItemGroup>
    <Filter Include="Source Files">
      <UniqueIdentifier>{4FC737F1-C7A5-4376-A066-2A32D752A2FF}</UniqueIdentifier>
      <Extensions>cpp;c;cc;cxx;def;odl;idl;hpj;bat;asm;asmx</Extensions>
    </Filter>
    <Filter Include="Header Files">
      <UniqueIdentifier>{93995380-89BD-4b04-88EB-625FBE52EBFB}</UniqueIdentifier>
      <Extensions>h;hpp;hxx;hm;inl;inc;xsd</Extensions>
    </Filter>
    <Filter Include="Resource Files">
      <UniqueIdentifier>{67DA6AB6-F800-4c08-8B7A-83BB121AAD01}</UniqueIdentifier>
      <Extensions>rc;ico;cur;bmp;dlg;rc2;rct;bin;rgs;gif;jpg;jpeg;jpe;resx;tiff;tif;png;wav;mfcribbon-ms</Extensions>
    </Filter>
  </ItemGroup>
  <ItemGroup>
    <ClCompile Include="bathtub.cpp">
      <Filter>Source Files</Filter>
    </ClCompile>
    <ClCompile Include="blood.cpp">
      <Filter>Source Files</Filter>
    </ClCompile>
    <ClCompile Include="candle.cpp">
      <Filter>Source Files</Filter>
    </ClCompile>
    <ClCompile Include="cd.cpp">
      <Filter>Source Files</Filter>
    </ClCompile>
    <ClCompile Include="chair.cpp">
      <Filter>Source Files</Filter>
    </ClCompile>
    <ClCompile Include="closedroom.cpp">
      <Filter>Source Files</Filter>
    </ClCompile>
    <ClCompile Include="closetroom.cpp">
      <Filter>Source Files</Filter>
    </ClCompile>
    <ClCompile Include="constants.cpp">
      <Filter>Source Files</Filter>
    </ClCompile>
    <ClCompile Include="dish.cpp">
      <Filter>Source Files</Filter>
    </ClCompile>
    <ClCompile Include="dust.cpp">
      <Filter>Source Files</Filter>
    </ClCompile>
    <ClCompile Include="fork.cpp">
      <Filter>Source Files</Filter>
    </ClCompile>
    <ClCompile Include="game.cpp">
      <Filter>Source Files</Filter>
    </ClCompile>
    <ClCompile Include="item.cpp">
      <Filter>Source Files</Filter>
    </ClCompile>
    <ClCompile Include="itemdata.cpp">
      <Filter>Source Files</Filter>
    </ClCompile>
    <ClCompile Include="junk.cpp">
      <Filter>Source Files</Filter>
    </ClCompile>
    <ClCompile Include="key.cpp">
      <Filter>Source Files</Filter>
    </ClCompile>
    <ClCompile Include="lamp.cpp">
      <Filter>Source Files</Filter>
    </ClCompile>
    <ClCompile Include="location.cpp">
      <Filter>Source Files</Filter>
    </ClCompile>
    <ClCompile Include="main.cpp">
      <Filter>Source Files</Filter>
    </ClCompile>
    <ClCompile Include="mirror.cpp">
      <Filter>Source Files</Filter>
    </ClCompile>
    <ClCompile Include="openroom.cpp">
      <Filter>Source Files</Filter>
    </ClCompile>
    <ClCompile Include="player.cpp">
      <Filter>Source Files</Filter>
    </ClCompile>
    <ClCompile Include="roomdata.cpp">
      <Filter>Source Files</Filter>
    </ClCompile>
    <ClCompile Include="table.cpp">
      <Filter>Source Files</Filter>
    </ClCompile>
    <ClCompile Include="toilet.cpp">
      <Filter>Source Files</Filter>
    </ClCompile>
    <ClCompile Include="vase.cpp">
      <Filter>Source Files</Filter>
    </ClCompile>
    <ClCompile Include="bed.cpp">
      <Filter>Source Files</Filter>
    </ClCompile>
  </ItemGroup>
  <ItemGroup>
    <ClInclude Include="bathtub.h">
      <Filter>Header Files</Filter>
    </ClInclude>
    <ClInclude Include="blood.h">
      <Filter>Header Files</Filter>
    </ClInclude>
    <ClInclude Include="candle.h">
      <Filter>Header Files</Filter>
    </ClInclude>
    <ClInclude Include="cd.h">
      <Filter>Header Files</Filter>
    </ClInclude>
    <ClInclude Include="chair.h">
      <Filter>Header Files</Filter>
    </ClInclude>
    <ClInclude Include="closedroom.h">
      <Filter>Header Files</Filter>
    </ClInclude>
    <ClInclude Include="closetroom.h">
      <Filter>Header Files</Filter>
    </ClInclude>
    <ClInclude Include="dish.h">
      <Filter>Header Files</Filter>
    </ClInclude>
    <ClInclude Include="dust.h">
      <Filter>Header Files</Filter>
    </ClInclude>
    <ClInclude Include="fork.h">
      <Filter>Header Files</Filter>
    </ClInclude>
    <ClInclude Include="game.h">
      <Filter>Header Files</Filter>
    </ClInclude>
    <ClInclude Include="item.h">
      <Filter>Header Files</Filter>
    </ClInclude>
    <ClInclude Include="itemdata.h">
      <Filter>Header Files</Filter>
    </ClInclude>
    <ClInclude Include="junk.h">
      <Filter>Header Files</Filter>
    </ClInclude>
    <ClInclude Include="key.h">
      <Filter>Header Files</Filter>
    </ClInclude>
    <ClInclude Include="lamp.h">
      <Filter>Header Files</Filter>
    </ClInclude>
    <ClInclude Include="location.h">
      <Filter>Header Files</Filter>
    </ClInclude>
    <ClInclude Include="menutext.h">
      <Filter>Header Files</Filter>
    </ClInclude>
    <ClInclude Include="mirror.h">
      <Filter>Header Files</Filter>
    </ClInclude>
    <ClInclude Include="openroom.h">
      <Filter>Header Files</Filter>
    </ClInclude>
    <ClInclude Include="player.h">
      <Filter>Header Files</Filter>
    </ClInclude>
    <ClInclude Include="roomdata.h">
      <Filter>Header Files</Filter>
    </ClInclude>
    <ClInclude Include="table.h">
      <Filter>Header Files</Filter>
    </ClInclude>
    <ClInclude Include="toilet.h">
      <Filter>Header Files</Filter>
    </ClInclude>
    <ClInclude Include="vase.h">
      <Filter>Header Files</Filter>
    </ClInclude>
    <ClInclude Include="bed.h">
      <Filter>Header Files</Filter>
    </ClInclude>
  </ItemGroup>
  <ItemGroup>
    <None Include="items" />
    <None Include="rooms" />
  </ItemGroup>
</Project>